
Microsoft Visual Studio Solution File, Format Version 12.00
# Visual Studio 2012
Project("{FAE04EC0-301F-11D3-BF4B-00C04F79EFBC}") = "HelloAula", "HelloAula\HelloAula.csproj", "{6E755F1D-FA30-4627-B0BD-30B55B81DDFB}"
EndProject
Global
	GlobalSection(SolutionConfigurationPlatforms) = preSolution
		Debug|x86 = Debug|x86
		Release|x86 = Release|x86
	EndGlobalSection
	GlobalSection(ProjectConfigurationPlatforms) = postSolution
		{6E755F1D-FA30-4627-B0BD-30B55B81DDFB}.Debug|x86.ActiveCfg = Debug|x86
		{6E755F1D-FA30-4627-B0BD-30B55B81DDFB}.Debug|x86.Build.0 = Debug|x86
		{6E755F1D-FA30-4627-B0BD-30B55B81DDFB}.Release|x86.ActiveCfg = Release|x86
		{6E755F1D-FA30-4627-B0BD-30B55B81DDFB}.Release|x86.Build.0 = Release|x86
	EndGlobalSection
EndGlobal
